
Microsoft Visual Studio Solution File, Format Version 12.00
# Visual Studio Version 17
VisualStudioVersion = 17.2.32505.173
MinimumVisualStudioVersion = 10.0.40219.1
Project("{9A19103F-16F7-4668-BE54-9A1E7A4F7556}") = "SpotifyExplode.Demo.Cli", "SpotifyExplode.Demo.Cli\SpotifyExplode.Demo.Cli.csproj", "{6B5917F9-46B6-4991-8E9A-CBFD7553B2DA}"
EndProject
Project("{9A19103F-16F7-4668-BE54-9A1E7A4F7556}") = "SpotifyExplode", "SpotifyExplode\SpotifyExplode.csproj", "{F4D11A98-F9D8-4DEF-9093-3622DF14F1A4}"
EndProject
Project("{2150E333-8FDC-42A3-9474-1A3956D46DE8}") = "Solution Items", "Solution Items", "{DF6FA4E7-4D21-4ACD-932A-EA7E3AFF4CBF}"
	ProjectSection(SolutionItems) = preProject
		.editorconfig = .editorconfig
		Directory.Build.props = Directory.Build.props
		favicon.ico = favicon.ico
		favicon.png = favicon.png
		favicon.svg = favicon.svg
		README.md = README.md
	EndProjectSection
EndProject
Project("{9A19103F-16F7-4668-BE54-9A1E7A4F7556}") = "SpotifyExplode.Tests", "SpotifyExplode.Tests\SpotifyExplode.Tests.csproj", "{E6131FD4-45B4-4CEC-9DAB-0DC0C7CCB182}"
EndProject
Global
	GlobalSection(SolutionConfigurationPlatforms) = preSolution
		Debug|Any CPU = Debug|Any CPU
		Release|Any CPU = Release|Any CPU
	EndGlobalSection
	GlobalSection(ProjectConfigurationPlatforms) = postSolution
		{6B5917F9-46B6-4991-8E9A-CBFD7553B2DA}.Debug|Any CPU.ActiveCfg = Debug|Any CPU
		{6B5917F9-46B6-4991-8E9A-CBFD7553B2DA}.Debug|Any CPU.Build.0 = Debug|Any CPU
		{6B5917F9-46B6-4991-8E9A-CBFD7553B2DA}.Release|Any CPU.ActiveCfg = Release|Any CPU
		{6B5917F9-46B6-4991-8E9A-CBFD7553B2DA}.Release|Any CPU.Build.0 = Release|Any CPU
		{F4D11A98-F9D8-4DEF-9093-3622DF14F1A4}.Debug|Any CPU.ActiveCfg = Debug|Any CPU
		{F4D11A98-F9D8-4DEF-9093-3622DF14F1A4}.Debug|Any CPU.Build.0 = Debug|Any CPU
		{F4D11A98-F9D8-4DEF-9093-3622DF14F1A4}.Release|Any CPU.ActiveCfg = Release|Any CPU
		{F4D11A98-F9D8-4DEF-9093-3622DF14F1A4}.Release|Any CPU.Build.0 = Release|Any CPU
		{E6131FD4-45B4-4CEC-9DAB-0DC0C7CCB182}.Debug|Any CPU.ActiveCfg = Debug|Any CPU
		{E6131FD4-45B4-4CEC-9DAB-0DC0C7CCB182}.Debug|Any CPU.Build.0 = Debug|Any CPU
		{E6131FD4-45B4-4CEC-9DAB-0DC0C7CCB182}.Release|Any CPU.ActiveCfg = Release|Any CPU
		{E6131FD4-45B4-4CEC-9DAB-0DC0C7CCB182}.Release|Any CPU.Build.0 = Release|Any CPU
	EndGlobalSection
	GlobalSection(SolutionProperties) = preSolution
		HideSolutionNode = FALSE
	EndGlobalSection
	GlobalSection(ExtensibilityGlobals) = postSolution
		SolutionGuid = {FFA000F4-B136-4A27-8C7A-D17BBD903691}
	EndGlobalSection
EndGlobal
